
Microsoft Visual Studio Solution File, Format Version 12.00
# Visual Studio 15
VisualStudioVersion = 15.0.27130.2036
MinimumVisualStudioVersion = 10.0.40219.1
Project("{FAE04EC0-301F-11D3-BF4B-00C04F79EFBC}") = "RegexLibrary", "RegexLibrary\RegexLibrary.csproj", "{134DFD9C-8ACA-4A0B-8723-0EC1CA51C6E4}"
EndProject
Project("{FAE04EC0-301F-11D3-BF4B-00C04F79EFBC}") = "RegexLibraryTest", "RegexLibraryTest\RegexLibraryTest.csproj", "{B4E560AA-28CE-4133-819D-89F5A045A834}"
EndProject
Global
	GlobalSection(SolutionConfigurationPlatforms) = preSolution
		Debug|Any CPU = Debug|Any CPU
		Release|Any CPU = Release|Any CPU
	EndGlobalSection
	GlobalSection(ProjectConfigurationPlatforms) = postSolution
		{134DFD9C-8ACA-4A0B-8723-0EC1CA51C6E4}.Debug|Any CPU.ActiveCfg = Debug|Any CPU
		{134DFD9C-8ACA-4A0B-8723-0EC1CA51C6E4}.Debug|Any CPU.Build.0 = Debug|Any CPU
		{134DFD9C-8ACA-4A0B-8723-0EC1CA51C6E4}.Release|Any CPU.ActiveCfg = Release|Any CPU
		{134DFD9C-8ACA-4A0B-8723-0EC1CA51C6E4}.Release|Any CPU.Build.0 = Release|Any CPU
		{B4E560AA-28CE-4133-819D-89F5A045A834}.Debug|Any CPU.ActiveCfg = Debug|Any CPU
		{B4E560AA-28CE-4133-819D-89F5A045A834}.Debug|Any CPU.Build.0 = Debug|Any CPU
		{B4E560AA-28CE-4133-819D-89F5A045A834}.Release|Any CPU.ActiveCfg = Release|Any CPU
		{B4E560AA-28CE-4133-819D-89F5A045A834}.Release|Any CPU.Build.0 = Release|Any CPU
	EndGlobalSection
	GlobalSection(SolutionProperties) = preSolution
		HideSolutionNode = FALSE
	EndGlobalSection
	GlobalSection(ExtensibilityGlobals) = postSolution
		SolutionGuid = {BF42AF87-8C5D-40DA-8FAA-30A4543AF348}
	EndGlobalSection
EndGlobal
